{
  "name": "yarn-test-01",
  "version": "1.0.0",
  "lockfileVersion": 3,
  "requires": true,
  "packages": {
    "": {
      "name": "yarn-test-01",
      "version": "1.0.0",
      "license": "MIT",
      "dependencies": {
        "jfrog-trial-sum-example": "^1.0.0"
      }
    },
    "node_modules/jfrog-trial-sum-example": {
      "version": "1.0.0",
      "resolved": "https://camtestdomain.jfrog.io/artifactory/api/npm/default-npm/jfrog-trial-sum-example/-/jfrog-trial-sum-example-1.0.0.tgz",
      "integrity": "sha512-fW89L9ksOwoCkw7ttvSNx/rOXVIJMJSVUuyG+rTr5fIP9lzCWrFY2xcNmkC7ybr58T9ANIWCsDeR/W7Xx7tD0g=="
    }
  }
}
