# THIS IS AN AUTOGENERATED FILE. DO NOT EDIT THIS FILE DIRECTLY.
# yarn lockfile v1


jfrog-trial-sum-example@^1.0.0:
  version "1.0.0"
  resolved "https://registry.npmjs.org/jfrog-trial-sum-example/-/jfrog-trial-sum-example-1.0.0.tgz#154a426cbaf47f382ab0c88d003c725ceaf8cdb7"
  integrity sha512-fW89L9ksOwoCkw7ttvSNx/rOXVIJMJSVUuyG+rTr5fIP9lzCWrFY2xcNmkC7ybr58T9ANIWCsDeR/W7Xx7tD0g==
